PODS:
  - Flutter (1.0.0)
  - flutter_gallery (0.0.1):
    - Flutter
  - photo_manager (0.0.1):
    - Flutter

DEPENDENCIES:
  - Flutter (from `Flutter`)
  - flutter_gallery (from `.symlinks/plugins/flutter_gallery/ios`)
  - photo_manager (from `.symlinks/plugins/photo_manager/ios`)

EXTERNAL SOURCES:
  Flutter:
    :path: Flutter
  flutter_gallery:
    :path: ".symlinks/plugins/flutter_gallery/ios"
  photo_manager:
    :path: ".symlinks/plugins/photo_manager/ios"

SPEC CHECKSUMS:
  Flutter: 0e3d915762c693b495b44d77113d4970485de6ec
  flutter_gallery: edb875b28e7420cce2331c10ad0313238d4dd694
  photo_manager: f7c619c2cc8c2adb8d85c63363babac477de9c67

PODFILE CHECKSUM: c34e2287a9ccaa606aeceab922830efb9a6ff69a

COCOAPODS: 1.9.1
